// !$*UTF8*$!
{
	archiveVersion = 1;
	classes = {
	};
	objectVersion = 50;
	objects = {

/* Begin PBXBuildFile section */
		AE91CBF520F7F937005039C7 /* AppDelegate.m in Sources */ = {isa = PBXBuildFile; fileRef = AE91CBF420F7F937005039C7 /* AppDelegate.m */; };
		AE91CBF820F7F937005039C7 /* ViewController.m in Sources */ = {isa = PBXBuildFile; fileRef = AE91CBF720F7F937005039C7 /* ViewController.m */; };
		AE91CBFB20F7F937005039C7 /* Main.storyboard in Resources */ = {isa = PBXBuildFile; fileRef = AE91CBF920F7F937005039C7 /* Main.storyboard */; };
		AE91CBFD20F7F938005039C7 /* Assets.xcassets in Resources */ = {isa = PBXBuildFile; fileRef = AE91CBFC20F7F938005039C7 /* Assets.xcassets */; };
		AE91CC0020F7F938005039C7 /* LaunchScreen.storyboard in Resources */ = {isa = PBXBuildFile; fileRef = AE91CBFE20F7F938005039C7 /* LaunchScreen.storyboard */; };
		AE91CC0320F7F938005039C7 /* main.m in Sources */ = {isa = PBXBuildFile; fileRef = AE91CC0220F7F938005039C7 /* main.m */; };
		AE91CC0B20F7FE07005039C7 /* MyAlert.m in Sources */ = {isa = PBXBuildFile; fileRef = AE91CC0A20F7FE07005039C7 /* MyAlert.m */; };
		AED9BC6120F90CEE003F8D6F /* PhotoPicker.m in Sources */ = {isa = PBXBuildFile; fileRef = AED9BC5F20F90CEE003F8D6F /* PhotoPicker.m */; };
/* End PBXBuildFile section */

/* Begin PBXFileReference section */
		AE91CBF020F7F937005039C7 /* Block.app */ = {isa = PBXFileReference; explicitFileType = wrapper.application; includeInIndex = 0; path = Block.app; sourceTree = BUILT_PRODUCTS_DIR; };
		AE91CBF320F7F937005039C7 /* AppDelegate.h */ = {isa = PBXFileReference; lastKnownFileType = sourcecode.c.h; path = AppDelegate.h; sourceTree = "<group>"; };
		AE91CBF420F7F937005039C7 /* AppDelegate.m */ = {isa = PBXFileReference; lastKnownFileType = sourcecode.c.objc; path = AppDelegate.m; sourceTree = "<group>"; };
		AE91CBF620F7F937005039C7 /* ViewController.h */ = {isa = PBXFileReference; lastKnownFileType = sourcecode.c.h; path = ViewController.h; sourceTree = "<group>"; };
		AE91CBF720F7F937005039C7 /* ViewController.m */ = {isa = PBXFileReference; lastKnownFileType = sourcecode.c.objc; path = ViewController.m; sourceTree = "<group>"; };
		AE91CBFA20F7F937005039C7 /* Base */ = {isa = PBXFileReference; lastKnownFileType = file.storyboard; name = Base; path = Base.lproj/Main.storyboard; sourceTree = "<group>"; };
		AE91CBFC20F7F938005039C7 /* Assets.xcassets */ = {isa = PBXFileReference; lastKnownFileType = folder.assetcatalog; path = Assets.xcassets; sourceTree = "<group>"; };
		AE91CBFF20F7F938005039C7 /* Base */ = {isa = PBXFileReference; lastKnownFileType = file.storyboard; name = Base; path = Base.lproj/LaunchScreen.storyboard; sourceTree = "<group>"; };
		AE91CC0120F7F938005039C7 /* Info.plist */ = {isa = PBXFileReference; lastKnownFileType = text.plist.xml; path = Info.plist; sourceTree = "<group>"; };
		AE91CC0220F7F938005039C7 /* main.m */ = {isa = PBXFileReference; lastKnownFileType = sourcecode.c.objc; path = main.m; sourceTree = "<group>"; };
		AE91CC0920F7FE07005039C7 /* MyAlert.h */ = {isa = PBXFileReference; lastKnownFileType = sourcecode.c.h; path = MyAlert.h; sourceTree = "<group>"; };
		AE91CC0A20F7FE07005039C7 /* MyAlert.m */ = {isa = PBXFileReference; lastKnownFileType = sourcecode.c.objc; path = MyAlert.m; sourceTree = "<group>"; };
		AED9BC5F20F90CEE003F8D6F /* PhotoPicker.m */ = {isa = PBXFileReference; fileEncoding = 4; lastKnownFileType = sourcecode.c.objc; path = PhotoPicker.m; sourceTree = "<group>"; };
		AED9BC6020F90CEE003F8D6F /* PhotoPicker.h */ = {isa = PBXFileReference; fileEncoding = 4; lastKnownFileType = sourcecode.c.h; path = PhotoPicker.h; sourceTree = "<group>"; };
/* End PBXFileReference section */

/* Begin PBXFrameworksBuildPhase section */
		AE91CBED20F7F937005039C7 /* Frameworks */ = {
			isa = PBXFrameworksBuildPhase;
			buildActionMask = 2147483647;
			files = (
			);
			runOnlyForDeploymentPostprocessing = 0;
		};
/* End PBXFrameworksBuildPhase section */

/* Begin PBXGroup section */
		AE91CBE720F7F937005039C7 = {
			isa = PBXGroup;
			children = (
				AE91CBF220F7F937005039C7 /* Block */,
				AE91CBF120F7F937005039C7 /* Products */,
			);
			sourceTree = "<group>";
		};
		AE91CBF120F7F937005039C7 /* Products */ = {
			isa = PBXGroup;
			children = (
				AE91CBF020F7F937005039C7 /* Block.app */,
			);
			name = Products;
			sourceTree = "<group>";
		};
		AE91CBF220F7F937005039C7 /* Block */ = {
			isa = PBXGroup;
			children = (
				AE91CBF320F7F937005039C7 /* AppDelegate.h */,
				AE91CBF420F7F937005039C7 /* AppDelegate.m */,
				AE91CBF620F7F937005039C7 /* ViewController.h */,
				AE91CBF720F7F937005039C7 /* ViewController.m */,
				AE91CC0920F7FE07005039C7 /* MyAlert.h */,
				AE91CC0A20F7FE07005039C7 /* MyAlert.m */,
				AED9BC6020F90CEE003F8D6F /* PhotoPicker.h */,
				AED9BC5F20F90CEE003F8D6F /* PhotoPicker.m */,
				AE91CBF920F7F937005039C7 /* Main.storyboard */,
				AE91CBFC20F7F938005039C7 /* Assets.xcassets */,
				AE91CBFE20F7F938005039C7 /* LaunchScreen.storyboard */,
				AE91CC0120F7F938005039C7 /* Info.plist */,
				AE91CC0220F7F938005039C7 /* main.m */,
			);
			path = Block;
			sourceTree = "<group>";
		};
/* End PBXGroup section */

/* Begin PBXNativeTarget section */
		AE91CBEF20F7F937005039C7 /* Block */ = {
			isa = PBXNativeTarget;
			buildConfigurationList = AE91CC0620F7F938005039C7 /* Build configuration list for PBXNativeTarget "Block" */;
			buildPhases = (
				AE91CBEC20F7F937005039C7 /* Sources */,
				AE91CBED20F7F937005039C7 /* Frameworks */,
				AE91CBEE20F7F937005039C7 /* Resources */,
			);
			buildRules = (
			);
			dependencies = (
			);
			name = Block;
			productName = Block;
			productReference = AE91CBF020F7F937005039C7 /* Block.app */;
			productType = "com.apple.product-type.application";
		};
/* End PBXNativeTarget section */

/* Begin PBXProject section */
		AE91CBE820F7F937005039C7 /* Project object */ = {
			isa = PBXProject;
			attributes = {
				LastUpgradeCheck = 0940;
				ORGANIZATIONNAME = MSCline;
				TargetAttributes = {
					AE91CBEF20F7F937005039C7 = {
						CreatedOnToolsVersion = 9.4.1;
					};
				};
			};
			buildConfigurationList = AE91CBEB20F7F937005039C7 /* Build configuration list for PBXProject "Block" */;
			compatibilityVersion = "Xcode 9.3";
			developmentRegion = en;
			hasScannedForEncodings = 0;
			knownRegions = (
				en,
				Base,
			);
			mainGroup = AE91CBE720F7F937005039C7;
			productRefGroup = AE91CBF120F7F937005039C7 /* Products */;
			projectDirPath = "";
			projectRoot = "";
			targets = (
				AE91CBEF20F7F937005039C7 /* Block */,
			);
		};
/* End PBXProject section */

/* Begin PBXResourcesBuildPhase section */
		AE91CBEE20F7F937005039C7 /* Resources */ = {
			isa = PBXResourcesBuildPhase;
			buildActionMask = 2147483647;
			files = (
				AE91CC0020F7F938005039C7 /* LaunchScreen.storyboard in Resources */,
				AE91CBFD20F7F938005039C7 /* Assets.xcassets in Resources */,
				AE91CBFB20F7F937005039C7 /* Main.storyboard in Resources */,
			);
			runOnlyForDeploymentPostprocessing = 0;
		};
/* End PBXResourcesBuildPhase section */

/* Begin PBXSourcesBuildPhase section */
		AE91CBEC20F7F937005039C7 /* Sources */ = {
			isa = PBXSourcesBuildPhase;
			buildActionMask = 2147483647;
			files = (
				AE91CBF820F7F937005039C7 /* ViewController.m in Sources */,
				AED9BC6120F90CEE003F8D6F /* PhotoPicker.m in Sources */,
				AE91CC0320F7F938005039C7 /* main.m in Sources */,
				AE91CC0B20F7FE07005039C7 /* MyAlert.m in Sources */,
				AE91CBF520F7F937005039C7 /* AppDelegate.m in Sources */,
			);
			runOnlyForDeploymentPostprocessing = 0;
		};
/* End PBXSourcesBuildPhase section */

/* Begin PBXVariantGroup section */
		AE91CBF920F7F937005039C7 /* Main.storyboard */ = {
			isa = PBXVariantGroup;
			children = (
				AE91CBFA20F7F937005039C7 /* Base */,
			);
			name = Main.storyboard;
			sourceTree = "<group>";
		};
		AE91CBFE20F7F938005039C7 /* LaunchScreen.storyboard */ = {
			isa = PBXVariantGroup;
			children = (
				AE91CBFF20F7F938005039C7 /* Base */,
			);
			name = LaunchScreen.storyboard;
			sourceTree = "<group>";
		};
/* End PBXVariantGroup section */

/* Begin XCBuildConfiguration section */
		AE91CC0420F7F938005039C7 /* Debug */ = {
			isa = XCBuildConfiguration;
			buildSettings = {
				ALWAYS_SEARCH_USER_PATHS = NO;
				CLANG_ANALYZER_NONNULL = YES;
				CLANG_ANALYZER_NUMBER_OBJECT_CONVERSION = YES_AGGRESSIVE;
				CLANG_CXX_LANGUAGE_STANDARD = "gnu++14";
				CLANG_CXX_LIBRARY = "libc++";
				CLANG_ENABLE_MODULES = YES;
				CLANG_ENABLE_OBJC_ARC = YES;
				CLANG_ENABLE_OBJC_WEAK = YES;
				CLANG_WARN_BLOCK_CAPTURE_AUTORELEASING = YES;
				CLANG_WARN_BOOL_CONVERSION = YES;
				CLANG_WARN_COMMA = YES;
				CLANG_WARN_CONSTANT_CONVERSION = YES;
				CLANG_WARN_DEPRECATED_OBJC_IMPLEMENTATIONS = YES;
				CLANG_WARN_DIRECT_OBJC_ISA_USAGE = YES_ERROR;
				CLANG_WARN_DOCUMENTATION_COMMENTS = YES;
				CLANG_WARN_EMPTY_BODY = YES;
				CLANG_WARN_ENUM_CONVERSION = YES;
				CLANG_WARN_INFINITE_RECURSION = YES;
				CLANG_WARN_INT_CONVERSION = YES;
				CLANG_WARN_NON_LITERAL_NULL_CONVERSION = YES;
				CLANG_WARN_OBJC_IMPLICIT_RETAIN_SELF = YES;
				CLANG_WARN_OBJC_LITERAL_CONVERSION = YES;
				CLANG_WARN_OBJC_ROOT_CLASS = YES_ERROR;
				CLANG_WARN_RANGE_LOOP_ANALYSIS = YES;
				CLANG_WARN_STRICT_PROTOTYPES = YES;
				CLANG_WARN_SUSPICIOUS_MOVE = YES;
				CLANG_WARN_UNGUARDED_AVAILABILITY = YES_AGGRESSIVE;
				CLANG_WARN_UNREACHABLE_CODE = YES;
				CLANG_WARN__DUPLICATE_METHOD_MATCH = YES;
				CODE_SIGN_IDENTITY = "iPhone Developer";
				COPY_PHASE_STRIP = NO;
				DEBUG_INFORMATION_FORMAT = dwarf;
				ENABLE_STRICT_OBJC_MSGSEND = YES;
				ENABLE_TESTABILITY = YES;
				GCC_C_LANGUAGE_STANDARD = gnu11;
				GCC_DYNAMIC_NO_PIC = NO;
				GCC_NO_COMMON_BLOCKS = YES;
				GCC_OPTIMIZATION_LEVEL = 0;
				GCC_PREPROCESSOR_DEFINITIONS = (
					"DEBUG=1",
					"$(inherited)",
				);
				GCC_WARN_64_TO_32_BIT_CONVERSION = YES;
				GCC_WARN_ABOUT_RETURN_TYPE = YES_ERROR;
				GCC_WARN_UNDECLARED_SELECTOR = YES;
				GCC_WARN_UNINITIALIZED_AUTOS = YES_AGGRESSIVE;
				GCC_WARN_UNUSED_FUNCTION = YES;
				GCC_WARN_UNUSED_VARIABLE = YES;
				IPHONEOS_DEPLOYMENT_TARGET = 11.4;
				MTL_ENABLE_DEBUG_INFO = YES;
				ONLY_ACTIVE_ARCH = YES;
				SDKROOT = iphoneos;
			};
			name = Debug;
		};
		AE91CC0520F7F938005039C7 /* Release */ = {
			isa = XCBuildConfiguration;
			buildSettings = {
				ALWAYS_SEARCH_USER_PATHS = NO;
				CLANG_ANALYZER_NONNULL = YES;
				CLANG_ANALYZER_NUMBER_OBJECT_CONVERSION = YES_AGGRESSIVE;
				CLANG_CXX_LANGUAGE_STANDARD = "gnu++14";
				CLANG_CXX_LIBRARY = "libc++";
				CLANG_ENABLE_MODULES = YES;
				CLANG_ENABLE_OBJC_ARC = YES;
				CLANG_ENABLE_OBJC_WEAK = YES;
				CLANG_WARN_BLOCK_CAPTURE_AUTORELEASING = YES;
				CLANG_WARN_BOOL_CONVERSION = YES;
				CLANG_WARN_COMMA = YES;
				CLANG_WARN_CONSTANT_CONVERSION = YES;
				CLANG_WARN_DEPRECATED_OBJC_IMPLEMENTATIONS = YES;
				CLANG_WARN_DIRECT_OBJC_ISA_USAGE = YES_ERROR;
				CLANG_WARN_DOCUMENTATION_COMMENTS = YES;
				CLANG_WARN_EMPTY_BODY = YES;
				CLANG_WARN_ENUM_CONVERSION = YES;
				CLANG_WARN_INFINITE_RECURSION = YES;
				CLANG_WARN_INT_CONVERSION = YES;
				CLANG_WARN_NON_LITERAL_NULL_CONVERSION = YES;
				CLANG_WARN_OBJC_IMPLICIT_RETAIN_SELF = YES;
				CLANG_WARN_OBJC_LITERAL_CONVERSION = YES;
				CLANG_WARN_OBJC_ROOT_CLASS = YES_ERROR;
				CLANG_WARN_RANGE_LOOP_ANALYSIS = YES;
				CLANG_WARN_STRICT_PROTOTYPES = YES;
				CLANG_WARN_SUSPICIOUS_MOVE = YES;
				CLANG_WARN_UNGUARDED_AVAILABILITY = YES_AGGRESSIVE;
				CLANG_WARN_UNREACHABLE_CODE = YES;
				CLANG_WARN__DUPLICATE_METHOD_MATCH = YES;
				CODE_SIGN_IDENTITY = "iPhone Developer";
				COPY_PHASE_STRIP = NO;
				DEBUG_INFORMATION_FORMAT = "dwarf-with-dsym";
				ENABLE_NS_ASSERTIONS = NO;
				ENABLE_STRICT_OBJC_MSGSEND = YES;
				GCC_C_LANGUAGE_STANDARD = gnu11;
				GCC_NO_COMMON_BLOCKS = YES;
				GCC_WARN_64_TO_32_BIT_CONVERSION = YES;
				GCC_WARN_ABOUT_RETURN_TYPE = YES_ERROR;
				GCC_WARN_UNDECLARED_SELECTOR = YES;
				GCC_WARN_UNINITIALIZED_AUTOS = YES_AGGRESSIVE;
				GCC_WARN_UNUSED_FUNCTION = YES;
				GCC_WARN_UNUSED_VARIABLE = YES;
				IPHONEOS_DEPLOYMENT_TARGET = 11.4;
				MTL_ENABLE_DEBUG_INFO = NO;
				SDKROOT = iphoneos;
				VALIDATE_PRODUCT = YES;
			};
			name = Release;
		};
		AE91CC0720F7F938005039C7 /* Debug */ = {
			isa = XCBuildConfiguration;
			buildSettings = {
				ASSETCATALOG_COMPILER_APPICON_NAME = AppIcon;
				CODE_SIGN_STYLE = Automatic;
				INFOPLIST_FILE = Block/Info.plist;
				LD_RUNPATH_SEARCH_PATHS = (
					"$(inherited)",
					"@executable_path/Frameworks",
				);
				PRODUCT_BUNDLE_IDENTIFIER = com.mscline.Block;
				PRODUCT_NAME = "$(TARGET_NAME)";
				TARGETED_DEVICE_FAMILY = "1,2";
			};
			name = Debug;
		};
		AE91CC0820F7F938005039C7 /* Release */ = {
			isa = XCBuildConfiguration;
			buildSettings = {
				ASSETCATALOG_COMPILER_APPICON_NAME = AppIcon;
				CODE_SIGN_STYLE = Automatic;
				INFOPLIST_FILE = Block/Info.plist;
				LD_RUNPATH_SEARCH_PATHS = (
					"$(inherited)",
					"@executable_path/Frameworks",
				);
				PRODUCT_BUNDLE_IDENTIFIER = com.mscline.Block;
				PRODUCT_NAME = "$(TARGET_NAME)";
				TARGETED_DEVICE_FAMILY = "1,2";
			};
			name = Release;
		};
/* End XCBuildConfiguration section */

/* Begin XCConfigurationList section */
		AE91CBEB20F7F937005039C7 /* Build configuration list for PBXProject "Block" */ = {
			isa = XCConfigurationList;
			buildConfigurations = (
				AE91CC0420F7F938005039C7 /* Debug */,
				AE91CC0520F7F938005039C7 /* Release */,
			);
			defaultConfigurationIsVisible = 0;
			defaultConfigurationName = Release;
		};
		AE91CC0620F7F938005039C7 /* Build configuration list for PBXNativeTarget "Block" */ = {
			isa = XCConfigurationList;
			buildConfigurations = (
				AE91CC0720F7F938005039C7 /* Debug */,
				AE91CC0820F7F938005039C7 /* Release */,
			);
			defaultConfigurationIsVisible = 0;
			defaultConfigurationName = Release;
		};
/* End XCConfigurationList section */
	};
	rootObject = AE91CBE820F7F937005039C7 /* Project object */;
}
